
Microsoft Visual Studio Solution File, Format Version 12.00
# Visual Studio Version 17
VisualStudioVersion = 17.0.31717.71
MinimumVisualStudioVersion = 10.0.40219.1
Project("{9A19103F-16F7-4668-BE54-9A1E7A4F7556}") = "Principes_OpenClose", "Principes_OpenClose\Principes_OpenClose.csproj", "{2E9DCDDA-B19F-4364-83B5-9E1C55E3BFAB}"
EndProject
Project("{FAE04EC0-301F-11D3-BF4B-00C04F79EFBC}") = "OpenCloseWithComposite", "OpenCloseWithComposite\OpenCloseWithComposite.csproj", "{A2CE8979-479B-4EBB-9C87-189EFB7214BD}"
EndProject
Global
	GlobalSection(SolutionConfigurationPlatforms) = preSolution
		Debug|Any CPU = Debug|Any CPU
		Release|Any CPU = Release|Any CPU
	EndGlobalSection
	GlobalSection(ProjectConfigurationPlatforms) = postSolution
		{2E9DCDDA-B19F-4364-83B5-9E1C55E3BFAB}.Debug|Any CPU.ActiveCfg = Debug|Any CPU
		{2E9DCDDA-B19F-4364-83B5-9E1C55E3BFAB}.Debug|Any CPU.Build.0 = Debug|Any CPU
		{2E9DCDDA-B19F-4364-83B5-9E1C55E3BFAB}.Release|Any CPU.ActiveCfg = Release|Any CPU
		{2E9DCDDA-B19F-4364-83B5-9E1C55E3BFAB}.Release|Any CPU.Build.0 = Release|Any CPU
		{A2CE8979-479B-4EBB-9C87-189EFB7214BD}.Debug|Any CPU.ActiveCfg = Debug|Any CPU
		{A2CE8979-479B-4EBB-9C87-189EFB7214BD}.Debug|Any CPU.Build.0 = Debug|Any CPU
		{A2CE8979-479B-4EBB-9C87-189EFB7214BD}.Release|Any CPU.ActiveCfg = Release|Any CPU
		{A2CE8979-479B-4EBB-9C87-189EFB7214BD}.Release|Any CPU.Build.0 = Release|Any CPU
	EndGlobalSection
	GlobalSection(SolutionProperties) = preSolution
		HideSolutionNode = FALSE
	EndGlobalSection
	GlobalSection(ExtensibilityGlobals) = postSolution
		SolutionGuid = {2AE1AFBB-2BC9-4ECC-B771-5CB00EBC2D73}
	EndGlobalSection
EndGlobal
